Microsoft Visual Studio Solution File, Format Version 12.00
# Visual Studio Version 17
VisualStudioVersion = 17.5.2.0
MinimumVisualStudioVersion = 10.0.40219.1
Project("{FAE04EC0-301F-11D3-BF4B-00C04F79EFBC}") = "Section006Codes", "Section006Codes.csproj", "{32703FBA-1D07-3107-E5BD-0D4F75C373C2}"
EndProject
Global
	GlobalSection(SolutionConfigurationPlatforms) = preSolution
		Debug|Any CPU = Debug|Any CPU
		Release|Any CPU = Release|Any CPU
	EndGlobalSection
	GlobalSection(ProjectConfigurationPlatforms) = postSolution
		{32703FBA-1D07-3107-E5BD-0D4F75C373C2}.Debug|Any CPU.ActiveCfg = Debug|Any CPU
		{32703FBA-1D07-3107-E5BD-0D4F75C373C2}.Debug|Any CPU.Build.0 = Debug|Any CPU
		{32703FBA-1D07-3107-E5BD-0D4F75C373C2}.Release|Any CPU.ActiveCfg = Release|Any CPU
		{32703FBA-1D07-3107-E5BD-0D4F75C373C2}.Release|Any CPU.Build.0 = Release|Any CPU
	EndGlobalSection
	GlobalSection(SolutionProperties) = preSolution
		HideSolutionNode = FALSE
	EndGlobalSection
	GlobalSection(ExtensibilityGlobals) = postSolution
		SolutionGuid = {6C9168CB-0E45-4822-8055-5FC6C1342FB5}
	EndGlobalSection
EndGlobal
