Microsoft Visual Studio Solution File, Format Version 12.00
# Visual Studio Version 17
VisualStudioVersion = 17.5.2.0
MinimumVisualStudioVersion = 10.0.40219.1
Project("{FAE04EC0-301F-11D3-BF4B-00C04F79EFBC}") = "FourthSectionCodes", "FourthSectionCodes.csproj", "{249C5A54-C566-CD21-E668-730A315623A3}"
EndProject
Global
	GlobalSection(SolutionConfigurationPlatforms) = preSolution
		Debug|Any CPU = Debug|Any CPU
		Release|Any CPU = Release|Any CPU
	EndGlobalSection
	GlobalSection(ProjectConfigurationPlatforms) = postSolution
		{249C5A54-C566-CD21-E668-730A315623A3}.Debug|Any CPU.ActiveCfg = Debug|Any CPU
		{249C5A54-C566-CD21-E668-730A315623A3}.Debug|Any CPU.Build.0 = Debug|Any CPU
		{249C5A54-C566-CD21-E668-730A315623A3}.Release|Any CPU.ActiveCfg = Release|Any CPU
		{249C5A54-C566-CD21-E668-730A315623A3}.Release|Any CPU.Build.0 = Release|Any CPU
	EndGlobalSection
	GlobalSection(SolutionProperties) = preSolution
		HideSolutionNode = FALSE
	EndGlobalSection
	GlobalSection(ExtensibilityGlobals) = postSolution
		SolutionGuid = {F9789CC6-25F2-4454-AD49-D2688E1E2383}
	EndGlobalSection
EndGlobal
